// !$*UTF8*$!
{
	archiveVersion = 1;
	classes = {
	};
	objectVersion = 56;
	objects = {

/* Begin PBXBuildFile section */
		2F39BAAA28EBC6CC00059367 /* DetailsView.swift in Sources */ = {isa = PBXBuildFile; fileRef = 2F39BAA928EBC6CC00059367 /* DetailsView.swift */; };
		2F73636528EA591A0073EE99 /* ScrumsView.swift in Sources */ = {isa = PBXBuildFile; fileRef = 2F73636428EA591A0073EE99 /* ScrumsView.swift */; };
		2F8F44DA28E8FD8A00C7A4F6 /* ScrumdingerApp.swift in Sources */ = {isa = PBXBuildFile; fileRef = 2F8F44D928E8FD8A00C7A4F6 /* ScrumdingerApp.swift */; };
		2F8F44DC28E8FD8A00C7A4F6 /* MeettingView.swift in Sources */ = {isa = PBXBuildFile; fileRef = 2F8F44DB28E8FD8A00C7A4F6 /* MeettingView.swift */; };
		2F8F44DE28E8FD8D00C7A4F6 /* Assets.xcassets in Resources */ = {isa = PBXBuildFile; fileRef = 2F8F44DD28E8FD8D00C7A4F6 /* Assets.xcassets */; };
		2F8F44E128E8FD8D00C7A4F6 /* Preview Assets.xcassets in Resources */ = {isa = PBXBuildFile; fileRef = 2F8F44E028E8FD8D00C7A4F6 /* Preview Assets.xcassets */; };
		2FC3EE1928EDA97900FD61FC /* DetailsEditView.swift in Sources */ = {isa = PBXBuildFile; fileRef = 2FC3EE1828EDA97900FD61FC /* DetailsEditView.swift */; };
		2FF84F3F28E90D52003A2AA5 /* Theme.swift in Sources */ = {isa = PBXBuildFile; fileRef = 2FF84F3E28E90D52003A2AA5 /* Theme.swift */; };
		2FF84F4128E90E65003A2AA5 /* DailyScrum.swift in Sources */ = {isa = PBXBuildFile; fileRef = 2FF84F4028E90E65003A2AA5 /* DailyScrum.swift */; };
		2FF84F4328E90FBC003A2AA5 /* CardView.swift in Sources */ = {isa = PBXBuildFile; fileRef = 2FF84F4228E90FBC003A2AA5 /* CardView.swift */; };
		2FF84F4528E91664003A2AA5 /* TrailingIconLabelStyle.swift in Sources */ = {isa = PBXBuildFile; fileRef = 2FF84F4428E91664003A2AA5 /* TrailingIconLabelStyle.swift */; };
/* End PBXBuildFile section */

/* Begin PBXFileReference section */
		2F39BAA928EBC6CC00059367 /* DetailsView.swift */ = {isa = PBXFileReference; lastKnownFileType = sourcecode.swift; path = DetailsView.swift; sourceTree = "<group>"; };
		2F73636428EA591A0073EE99 /* ScrumsView.swift */ = {isa = PBXFileReference; lastKnownFileType = sourcecode.swift; path = ScrumsView.swift; sourceTree = "<group>"; };
		2F8F44D628E8FD8A00C7A4F6 /* Scrumdinger.app */ = {isa = PBXFileReference; explicitFileType = wrapper.application; includeInIndex = 0; path = Scrumdinger.app; sourceTree = BUILT_PRODUCTS_DIR; };
		2F8F44D928E8FD8A00C7A4F6 /* ScrumdingerApp.swift */ = {isa = PBXFileReference; lastKnownFileType = sourcecode.swift; path = ScrumdingerApp.swift; sourceTree = "<group>"; };
		2F8F44DB28E8FD8A00C7A4F6 /* MeettingView.swift */ = {isa = PBXFileReference; lastKnownFileType = sourcecode.swift; path = MeettingView.swift; sourceTree = "<group>"; };
		2F8F44DD28E8FD8D00C7A4F6 /* Assets.xcassets */ = {isa = PBXFileReference; lastKnownFileType = folder.assetcatalog; path = Assets.xcassets; sourceTree = "<group>"; };
		2F8F44E028E8FD8D00C7A4F6 /* Preview Assets.xcassets */ = {isa = PBXFileReference; lastKnownFileType = folder.assetcatalog; path = "Preview Assets.xcassets"; sourceTree = "<group>"; };
		2FC3EE1828EDA97900FD61FC /* DetailsEditView.swift */ = {isa = PBXFileReference; lastKnownFileType = sourcecode.swift; path = DetailsEditView.swift; sourceTree = "<group>"; };
		2FF84F3E28E90D52003A2AA5 /* Theme.swift */ = {isa = PBXFileReference; lastKnownFileType = sourcecode.swift; path = Theme.swift; sourceTree = "<group>"; };
		2FF84F4028E90E65003A2AA5 /* DailyScrum.swift */ = {isa = PBXFileReference; lastKnownFileType = sourcecode.swift; path = DailyScrum.swift; sourceTree = "<group>"; };
		2FF84F4228E90FBC003A2AA5 /* CardView.swift */ = {isa = PBXFileReference; lastKnownFileType = sourcecode.swift; path = CardView.swift; sourceTree = "<group>"; };
		2FF84F4428E91664003A2AA5 /* TrailingIconLabelStyle.swift */ = {isa = PBXFileReference; lastKnownFileType = sourcecode.swift; path = TrailingIconLabelStyle.swift; sourceTree = "<group>"; };
/* End PBXFileReference section */

/* Begin PBXFrameworksBuildPhase section */
		2F8F44D328E8FD8A00C7A4F6 /* Frameworks */ = {
			isa = PBXFrameworksBuildPhase;
			buildActionMask = 2147483647;
			files = (
			);
			runOnlyForDeploymentPostprocessing = 0;
		};
/* End PBXFrameworksBuildPhase section */

/* Begin PBXGroup section */
		2F8F44CD28E8FD8A00C7A4F6 = {
			isa = PBXGroup;
			children = (
				2FF84F3D28E90D2F003A2AA5 /* Model */,
				2F8F44D828E8FD8A00C7A4F6 /* Scrumdinger */,
				2F8F44D728E8FD8A00C7A4F6 /* Products */,
			);
			sourceTree = "<group>";
		};
		2F8F44D728E8FD8A00C7A4F6 /* Products */ = {
			isa = PBXGroup;
			children = (
				2F8F44D628E8FD8A00C7A4F6 /* Scrumdinger.app */,
			);
			name = Products;
			sourceTree = "<group>";
		};
		2F8F44D828E8FD8A00C7A4F6 /* Scrumdinger */ = {
			isa = PBXGroup;
			children = (
				2FF84F4228E90FBC003A2AA5 /* CardView.swift */,
				2F73636428EA591A0073EE99 /* ScrumsView.swift */,
				2F39BAA928EBC6CC00059367 /* DetailsView.swift */,
				2FF84F4428E91664003A2AA5 /* TrailingIconLabelStyle.swift */,
				2FF84F4028E90E65003A2AA5 /* DailyScrum.swift */,
				2FC3EE1828EDA97900FD61FC /* DetailsEditView.swift */,
				2F8F44D928E8FD8A00C7A4F6 /* ScrumdingerApp.swift */,
				2F8F44DB28E8FD8A00C7A4F6 /* MeettingView.swift */,
				2F8F44DD28E8FD8D00C7A4F6 /* Assets.xcassets */,
				2F8F44DF28E8FD8D00C7A4F6 /* Preview Content */,
			);
			path = Scrumdinger;
			sourceTree = "<group>";
		};
		2F8F44DF28E8FD8D00C7A4F6 /* Preview Content */ = {
			isa = PBXGroup;
			children = (
				2F8F44E028E8FD8D00C7A4F6 /* Preview Assets.xcassets */,
			);
			path = "Preview Content";
			sourceTree = "<group>";
		};
		2FF84F3D28E90D2F003A2AA5 /* Model */ = {
			isa = PBXGroup;
			children = (
				2FF84F3E28E90D52003A2AA5 /* Theme.swift */,
			);
			path = Model;
			sourceTree = "<group>";
		};
/* End PBXGroup section */

/* Begin PBXNativeTarget section */
		2F8F44D528E8FD8A00C7A4F6 /* Scrumdinger */ = {
			isa = PBXNativeTarget;
			buildConfigurationList = 2F8F44E428E8FD8D00C7A4F6 /* Build configuration list for PBXNativeTarget "Scrumdinger" */;
			buildPhases = (
				2F8F44D228E8FD8A00C7A4F6 /* Sources */,
				2F8F44D328E8FD8A00C7A4F6 /* Frameworks */,
				2F8F44D428E8FD8A00C7A4F6 /* Resources */,
			);
			buildRules = (
			);
			dependencies = (
			);
			name = Scrumdinger;
			productName = Scrumdinger;
			productReference = 2F8F44D628E8FD8A00C7A4F6 /* Scrumdinger.app */;
			productType = "com.apple.product-type.application";
		};
/* End PBXNativeTarget section */

/* Begin PBXProject section */
		2F8F44CE28E8FD8A00C7A4F6 /* Project object */ = {
			isa = PBXProject;
			attributes = {
				BuildIndependentTargetsInParallel = 1;
				LastSwiftUpdateCheck = 1400;
				LastUpgradeCheck = 1400;
				TargetAttributes = {
					2F8F44D528E8FD8A00C7A4F6 = {
						CreatedOnToolsVersion = 14.0;
					};
				};
			};
			buildConfigurationList = 2F8F44D128E8FD8A00C7A4F6 /* Build configuration list for PBXProject "Scrumdinger" */;
			compatibilityVersion = "Xcode 14.0";
			developmentRegion = en;
			hasScannedForEncodings = 0;
			knownRegions = (
				en,
				Base,
			);
			mainGroup = 2F8F44CD28E8FD8A00C7A4F6;
			productRefGroup = 2F8F44D728E8FD8A00C7A4F6 /* Products */;
			projectDirPath = "";
			projectRoot = "";
			targets = (
				2F8F44D528E8FD8A00C7A4F6 /* Scrumdinger */,
			);
		};
/* End PBXProject section */

/* Begin PBXResourcesBuildPhase section */
		2F8F44D428E8FD8A00C7A4F6 /* Resources */ = {
			isa = PBXResourcesBuildPhase;
			buildActionMask = 2147483647;
			files = (
				2F8F44E128E8FD8D00C7A4F6 /* Preview Assets.xcassets in Resources */,
				2F8F44DE28E8FD8D00C7A4F6 /* Assets.xcassets in Resources */,
			);
			runOnlyForDeploymentPostprocessing = 0;
		};
/* End PBXResourcesBuildPhase section */

/* Begin PBXSourcesBuildPhase section */
		2F8F44D228E8FD8A00C7A4F6 /* Sources */ = {
			isa = PBXSourcesBuildPhase;
			buildActionMask = 2147483647;
			files = (
				2FF84F4128E90E65003A2AA5 /* DailyScrum.swift in Sources */,
				2FF84F4528E91664003A2AA5 /* TrailingIconLabelStyle.swift in Sources */,
				2FC3EE1928EDA97900FD61FC /* DetailsEditView.swift in Sources */,
				2FF84F3F28E90D52003A2AA5 /* Theme.swift in Sources */,
				2F73636528EA591A0073EE99 /* ScrumsView.swift in Sources */,
				2F8F44DC28E8FD8A00C7A4F6 /* MeettingView.swift in Sources */,
				2F39BAAA28EBC6CC00059367 /* DetailsView.swift in Sources */,
				2F8F44DA28E8FD8A00C7A4F6 /* ScrumdingerApp.swift in Sources */,
				2FF84F4328E90FBC003A2AA5 /* CardView.swift in Sources */,
			);
			runOnlyForDeploymentPostprocessing = 0;
		};
/* End PBXSourcesBuildPhase section */

/* Begin XCBuildConfiguration section */
		2F8F44E228E8FD8D00C7A4F6 /* Debug */ = {
			isa = XCBuildConfiguration;
			buildSettings = {
				ALWAYS_SEARCH_USER_PATHS = NO;
				CLANG_ANALYZER_NONNULL = YES;
				CLANG_ANALYZER_NUMBER_OBJECT_CONVERSION = YES_AGGRESSIVE;
				CLANG_CXX_LANGUAGE_STANDARD = "gnu++20";
				CLANG_ENABLE_MODULES = YES;
				CLANG_ENABLE_OBJC_ARC = YES;
				CLANG_ENABLE_OBJC_WEAK = YES;
				CLANG_WARN_BLOCK_CAPTURE_AUTORELEASING = YES;
				CLANG_WARN_BOOL_CONVERSION = YES;
				CLANG_WARN_COMMA = YES;
				CLANG_WARN_CONSTANT_CONVERSION = YES;
				CLANG_WARN_DEPRECATED_OBJC_IMPLEMENTATIONS = YES;
				CLANG_WARN_DIRECT_OBJC_ISA_USAGE = YES_ERROR;
				CLANG_WARN_DOCUMENTATION_COMMENTS = YES;
				CLANG_WARN_EMPTY_BODY = YES;
				CLANG_WARN_ENUM_CONVERSION = YES;
				CLANG_WARN_INFINITE_RECURSION = YES;
				CLANG_WARN_INT_CONVERSION = YES;
				CLANG_WARN_NON_LITERAL_NULL_CONVERSION = YES;
				CLANG_WARN_OBJC_IMPLICIT_RETAIN_SELF = YES;
				CLANG_WARN_OBJC_LITERAL_CONVERSION = YES;
				CLANG_WARN_OBJC_ROOT_CLASS = YES_ERROR;
				CLANG_WARN_QUOTED_INCLUDE_IN_FRAMEWORK_HEADER = YES;
				CLANG_WARN_RANGE_LOOP_ANALYSIS = YES;
				CLANG_WARN_STRICT_PROTOTYPES = YES;
				CLANG_WARN_SUSPICIOUS_MOVE = YES;
				CLANG_WARN_UNGUARDED_AVAILABILITY = YES_AGGRESSIVE;
				CLANG_WARN_UNREACHABLE_CODE = YES;
				CLANG_WARN__DUPLICATE_METHOD_MATCH = YES;
				COPY_PHASE_STRIP = NO;
				DEBUG_INFORMATION_FORMAT = dwarf;
				ENABLE_STRICT_OBJC_MSGSEND = YES;
				ENABLE_TESTABILITY = YES;
				GCC_C_LANGUAGE_STANDARD = gnu11;
				GCC_DYNAMIC_NO_PIC = NO;
				GCC_NO_COMMON_BLOCKS = YES;
				GCC_OPTIMIZATION_LEVEL = 0;
				GCC_PREPROCESSOR_DEFINITIONS = (
					"DEBUG=1",
					"$(inherited)",
				);
				GCC_WARN_64_TO_32_BIT_CONVERSION = YES;
				GCC_WARN_ABOUT_RETURN_TYPE = YES_ERROR;
				GCC_WARN_UNDECLARED_SELECTOR = YES;
				GCC_WARN_UNINITIALIZED_AUTOS = YES_AGGRESSIVE;
				GCC_WARN_UNUSED_FUNCTION = YES;
				GCC_WARN_UNUSED_VARIABLE = YES;
				IPHONEOS_DEPLOYMENT_TARGET = 16.0;
				MTL_ENABLE_DEBUG_INFO = INCLUDE_SOURCE;
				MTL_FAST_MATH = YES;
				ONLY_ACTIVE_ARCH = YES;
				SDKROOT = iphoneos;
				SWIFT_ACTIVE_COMPILATION_CONDITIONS = DEBUG;
				SWIFT_OPTIMIZATION_LEVEL = "-Onone";
			};
			name = Debug;
		};
		2F8F44E328E8FD8D00C7A4F6 /* Release */ = {
			isa = XCBuildConfiguration;
			buildSettings = {
				ALWAYS_SEARCH_USER_PATHS = NO;
				CLANG_ANALYZER_NONNULL = YES;
				CLANG_ANALYZER_NUMBER_OBJECT_CONVERSION = YES_AGGRESSIVE;
				CLANG_CXX_LANGUAGE_STANDARD = "gnu++20";
				CLANG_ENABLE_MODULES = YES;
				CLANG_ENABLE_OBJC_ARC = YES;
				CLANG_ENABLE_OBJC_WEAK = YES;
				CLANG_WARN_BLOCK_CAPTURE_AUTORELEASING = YES;
				CLANG_WARN_BOOL_CONVERSION = YES;
				CLANG_WARN_COMMA = YES;
				CLANG_WARN_CONSTANT_CONVERSION = YES;
				CLANG_WARN_DEPRECATED_OBJC_IMPLEMENTATIONS = YES;
				CLANG_WARN_DIRECT_OBJC_ISA_USAGE = YES_ERROR;
				CLANG_WARN_DOCUMENTATION_COMMENTS = YES;
				CLANG_WARN_EMPTY_BODY = YES;
				CLANG_WARN_ENUM_CONVERSION = YES;
				CLANG_WARN_INFINITE_RECURSION = YES;
				CLANG_WARN_INT_CONVERSION = YES;
				CLANG_WARN_NON_LITERAL_NULL_CONVERSION = YES;
				CLANG_WARN_OBJC_IMPLICIT_RETAIN_SELF = YES;
				CLANG_WARN_OBJC_LITERAL_CONVERSION = YES;
				CLANG_WARN_OBJC_ROOT_CLASS = YES_ERROR;
				CLANG_WARN_QUOTED_INCLUDE_IN_FRAMEWORK_HEADER = YES;
				CLANG_WARN_RANGE_LOOP_ANALYSIS = YES;
				CLANG_WARN_STRICT_PROTOTYPES = YES;
				CLANG_WARN_SUSPICIOUS_MOVE = YES;
				CLANG_WARN_UNGUARDED_AVAILABILITY = YES_AGGRESSIVE;
				CLANG_WARN_UNREACHABLE_CODE = YES;
				CLANG_WARN__DUPLICATE_METHOD_MATCH = YES;
				COPY_PHASE_STRIP = NO;
				DEBUG_INFORMATION_FORMAT = "dwarf-with-dsym";
				ENABLE_NS_ASSERTIONS = NO;
				ENABLE_STRICT_OBJC_MSGSEND = YES;
				GCC_C_LANGUAGE_STANDARD = gnu11;
				GCC_NO_COMMON_BLOCKS = YES;
				GCC_WARN_64_TO_32_BIT_CONVERSION = YES;
				GCC_WARN_ABOUT_RETURN_TYPE = YES_ERROR;
				GCC_WARN_UNDECLARED_SELECTOR = YES;
				GCC_WARN_UNINITIALIZED_AUTOS = YES_AGGRESSIVE;
				GCC_WARN_UNUSED_FUNCTION = YES;
				GCC_WARN_UNUSED_VARIABLE = YES;
				IPHONEOS_DEPLOYMENT_TARGET = 16.0;
				MTL_ENABLE_DEBUG_INFO = NO;
				MTL_FAST_MATH = YES;
				SDKROOT = iphoneos;
				SWIFT_COMPILATION_MODE = wholemodule;
				SWIFT_OPTIMIZATION_LEVEL = "-O";
				VALIDATE_PRODUCT = YES;
			};
			name = Release;
		};
		2F8F44E528E8FD8D00C7A4F6 /* Debug */ = {
			isa = XCBuildConfiguration;
			buildSettings = {
				ASSETCATALOG_COMPILER_APPICON_NAME = AppIcon;
				ASSETCATALOG_COMPILER_GLOBAL_ACCENT_COLOR_NAME = AccentColor;
				CODE_SIGN_STYLE = Automatic;
				CURRENT_PROJECT_VERSION = 1;
				DEVELOPMENT_ASSET_PATHS = "\"Scrumdinger/Preview Content\"";
				DEVELOPMENT_TEAM = 8SB327NDUL;
				ENABLE_PREVIEWS = YES;
				GENERATE_INFOPLIST_FILE = YES;
				INFOPLIST_KEY_UIApplicationSceneManifest_Generation = YES;
				INFOPLIST_KEY_UIApplicationSupportsIndirectInputEvents = YES;
				INFOPLIST_KEY_UILaunchScreen_Generation = YES;
				INFOPLIST_KEY_UISupportedInterfaceOrientations_iPad = "UIInterfaceOrientationPortrait UIInterfaceOrientationPortraitUpsideDown UIInterfaceOrientationLandscapeLeft UIInterfaceOrientationLandscapeRight";
				INFOPLIST_KEY_UISupportedInterfaceOrientations_iPhone = "UIInterfaceOrientationPortrait UIInterfaceOrientationLandscapeLeft UIInterfaceOrientationLandscapeRight";
				LD_RUNPATH_SEARCH_PATHS = (
					"$(inherited)",
					"@executable_path/Frameworks",
				);
				MARKETING_VERSION = 1.0;
				PRODUCT_BUNDLE_IDENTIFIER = com.victorshp.Scrumdinger;
				PRODUCT_NAME = "$(TARGET_NAME)";
				SWIFT_EMIT_LOC_STRINGS = YES;
				SWIFT_VERSION = 5.0;
				TARGETED_DEVICE_FAMILY = "1,2";
			};
			name = Debug;
		};
		2F8F44E628E8FD8D00C7A4F6 /* Release */ = {
			isa = XCBuildConfiguration;
			buildSettings = {
				ASSETCATALOG_COMPILER_APPICON_NAME = AppIcon;
				ASSETCATALOG_COMPILER_GLOBAL_ACCENT_COLOR_NAME = AccentColor;
				CODE_SIGN_STYLE = Automatic;
				CURRENT_PROJECT_VERSION = 1;
				DEVELOPMENT_ASSET_PATHS = "\"Scrumdinger/Preview Content\"";
				DEVELOPMENT_TEAM = 8SB327NDUL;
				ENABLE_PREVIEWS = YES;
				GENERATE_INFOPLIST_FILE = YES;
				INFOPLIST_KEY_UIApplicationSceneManifest_Generation = YES;
				INFOPLIST_KEY_UIApplicationSupportsIndirectInputEvents = YES;
				INFOPLIST_KEY_UILaunchScreen_Generation = YES;
				INFOPLIST_KEY_UISupportedInterfaceOrientations_iPad = "UIInterfaceOrientationPortrait UIInterfaceOrientationPortraitUpsideDown UIInterfaceOrientationLandscapeLeft UIInterfaceOrientationLandscapeRight";
				INFOPLIST_KEY_UISupportedInterfaceOrientations_iPhone = "UIInterfaceOrientationPortrait UIInterfaceOrientationLandscapeLeft UIInterfaceOrientationLandscapeRight";
				LD_RUNPATH_SEARCH_PATHS = (
					"$(inherited)",
					"@executable_path/Frameworks",
				);
				MARKETING_VERSION = 1.0;
				PRODUCT_BUNDLE_IDENTIFIER = com.victorshp.Scrumdinger;
				PRODUCT_NAME = "$(TARGET_NAME)";
				SWIFT_EMIT_LOC_STRINGS = YES;
				SWIFT_VERSION = 5.0;
				TARGETED_DEVICE_FAMILY = "1,2";
			};
			name = Release;
		};
/* End XCBuildConfiguration section */

/* Begin XCConfigurationList section */
		2F8F44D128E8FD8A00C7A4F6 /* Build configuration list for PBXProject "Scrumdinger" */ = {
			isa = XCConfigurationList;
			buildConfigurations = (
				2F8F44E228E8FD8D00C7A4F6 /* Debug */,
				2F8F44E328E8FD8D00C7A4F6 /* Release */,
			);
			defaultConfigurationIsVisible = 0;
			defaultConfigurationName = Release;
		};
		2F8F44E428E8FD8D00C7A4F6 /* Build configuration list for PBXNativeTarget "Scrumdinger" */ = {
			isa = XCConfigurationList;
			buildConfigurations = (
				2F8F44E528E8FD8D00C7A4F6 /* Debug */,
				2F8F44E628E8FD8D00C7A4F6 /* Release */,
			);
			defaultConfigurationIsVisible = 0;
			defaultConfigurationName = Release;
		};
/* End XCConfigurationList section */
	};
	rootObject = 2F8F44CE28E8FD8A00C7A4F6 /* Project object */;
}
